
Microsoft Visual Studio Solution File, Format Version 12.00
# Visual Studio Version 17
VisualStudioVersion = 17.11.35219.272
MinimumVisualStudioVersion = 10.0.40219.1
Project("{FAE04EC0-301F-11D3-BF4B-00C04F79EFBC}") = "Vehicles", "Vehicles\Vehicles.csproj", "{0620423A-96B6-4784-9524-8FB3F1CDAC06}"
EndProject
Project("{FAE04EC0-301F-11D3-BF4B-00C04F79EFBC}") = "Vehicles.UnitTest", "Vehicles.UnitTest\Vehicles.UnitTest.csproj", "{27CE5A4D-9906-488A-A7CF-2A9B4004966C}"
EndProject
Global
	GlobalSection(SolutionConfigurationPlatforms) = preSolution
		Debug|Any CPU = Debug|Any CPU
		Release|Any CPU = Release|Any CPU
	EndGlobalSection
	GlobalSection(ProjectConfigurationPlatforms) = postSolution
		{0620423A-96B6-4784-9524-8FB3F1CDAC06}.Debug|Any CPU.ActiveCfg = Debug|Any CPU
		{0620423A-96B6-4784-9524-8FB3F1CDAC06}.Debug|Any CPU.Build.0 = Debug|Any CPU
		{0620423A-96B6-4784-9524-8FB3F1CDAC06}.Release|Any CPU.ActiveCfg = Release|Any CPU
		{0620423A-96B6-4784-9524-8FB3F1CDAC06}.Release|Any CPU.Build.0 = Release|Any CPU
		{27CE5A4D-9906-488A-A7CF-2A9B4004966C}.Debug|Any CPU.ActiveCfg = Debug|Any CPU
		{27CE5A4D-9906-488A-A7CF-2A9B4004966C}.Debug|Any CPU.Build.0 = Debug|Any CPU
		{27CE5A4D-9906-488A-A7CF-2A9B4004966C}.Release|Any CPU.ActiveCfg = Release|Any CPU
		{27CE5A4D-9906-488A-A7CF-2A9B4004966C}.Release|Any CPU.Build.0 = Release|Any CPU
	EndGlobalSection
	GlobalSection(SolutionProperties) = preSolution
		HideSolutionNode = FALSE
	EndGlobalSection
	GlobalSection(ExtensibilityGlobals) = postSolution
		SolutionGuid = {A459197B-6FA8-43CB-891E-C1F5079D71FE}
	EndGlobalSection
EndGlobal
